// !$*UTF8*$!
{
	archiveVersion = 1;
	classes = {
	};
	objectVersion = 46;
	objects = {

/* Begin PBXBuildFile section */
		37B59B741628150F009C873E /* main.cpp in Sources */ = {isa = PBXBuildFile; fileRef = 37B59B731628150F009C873E /* main.cpp */; };
		37B59B7E16284667009C873E /* OpenGL.framework in Frameworks */ = {isa = PBXBuildFile; fileRef = 37B59B7D16284667009C873E /* OpenGL.framework */; };
		37B59B8516285706009C873E /* FragmentShader.glsl in CopyFiles */ = {isa = PBXBuildFile; fileRef = 37B59B7F1628541C009C873E /* FragmentShader.glsl */; };
		37B59B8616285706009C873E /* VertexShader.glsl in CopyFiles */ = {isa = PBXBuildFile; fileRef = 37B59B8016285429009C873E /* VertexShader.glsl */; };
		37FC0E69162ECC1A0028DDA7 /* utils.cpp in Sources */ = {isa = PBXBuildFile; fileRef = 37FC0E68162ECC1A0028DDA7 /* utils.cpp */; };
/* End PBXBuildFile section */

/* Begin PBXCopyFilesBuildPhase section */
		37B59B84162856F6009C873E /* CopyFiles */ = {
			isa = PBXCopyFilesBuildPhase;
			buildActionMask = 2147483647;
			dstPath = "";
			dstSubfolderSpec = 16;
			files = (
				37B59B8516285706009C873E /* FragmentShader.glsl in CopyFiles */,
				37B59B8616285706009C873E /* VertexShader.glsl in CopyFiles */,
			);
			runOnlyForDeploymentPostprocessing = 0;
		};
/* End PBXCopyFilesBuildPhase section */

/* Begin PBXFileReference section */
		37B59B6F1628150F009C873E /* COMP3004 */ = {isa = PBXFileReference; explicitFileType = "compiled.mach-o.executable"; includeInIndex = 0; path = COMP3004; sourceTree = BUILT_PRODUCTS_DIR; };
		37B59B731628150F009C873E /* main.cpp */ = {isa = PBXFileReference; lastKnownFileType = sourcecode.cpp.cpp; path = main.cpp; sourceTree = "<group>"; };
		37B59B7D16284667009C873E /* OpenGL.framework */ = {isa = PBXFileReference; lastKnownFileType = wrapper.framework; name = OpenGL.framework; path = System/Library/Frameworks/OpenGL.framework; sourceTree = SDKROOT; };
		37B59B7F1628541C009C873E /* FragmentShader.glsl */ = {isa = PBXFileReference; fileEncoding = 4; lastKnownFileType = text; path = FragmentShader.glsl; sourceTree = "<group>"; };
		37B59B8016285429009C873E /* VertexShader.glsl */ = {isa = PBXFileReference; fileEncoding = 4; lastKnownFileType = text; path = VertexShader.glsl; sourceTree = "<group>"; };
		37FC0E67162ECC060028DDA7 /* utils.h */ = {isa = PBXFileReference; fileEncoding = 4; lastKnownFileType = sourcecode.c.h; path = utils.h; sourceTree = "<group>"; };
		37FC0E68162ECC1A0028DDA7 /* utils.cpp */ = {isa = PBXFileReference; fileEncoding = 4; lastKnownFileType = sourcecode.cpp.cpp; path = utils.cpp; sourceTree = "<group>"; };
		37FC0E6A162ECC8D0028DDA7 /* data.h */ = {isa = PBXFileReference; fileEncoding = 4; lastKnownFileType = sourcecode.c.h; path = data.h; sourceTree = "<group>"; };
/* End PBXFileReference section */

/* Begin PBXFrameworksBuildPhase section */
		37B59B6C1628150F009C873E /* Frameworks */ = {
			isa = PBXFrameworksBuildPhase;
			buildActionMask = 2147483647;
			files = (
				37B59B7E16284667009C873E /* OpenGL.framework in Frameworks */,
			);
			runOnlyForDeploymentPostprocessing = 0;
		};
/* End PBXFrameworksBuildPhase section */

/* Begin PBXGroup section */
		37B59B641628150F009C873E = {
			isa = PBXGroup;
			children = (
				37B59B721628150F009C873E /* COMP3004 */,
				37B59B701628150F009C873E /* Products */,
				37B59B7D16284667009C873E /* OpenGL.framework */,
			);
			sourceTree = "<group>";
		};
		37B59B701628150F009C873E /* Products */ = {
			isa = PBXGroup;
			children = (
				37B59B6F1628150F009C873E /* COMP3004 */,
			);
			name = Products;
			sourceTree = "<group>";
		};
		37B59B721628150F009C873E /* COMP3004 */ = {
			isa = PBXGroup;
			children = (
				37B59B731628150F009C873E /* main.cpp */,
				37B59B8016285429009C873E /* VertexShader.glsl */,
				37B59B7F1628541C009C873E /* FragmentShader.glsl */,
				37FC0E67162ECC060028DDA7 /* utils.h */,
				37FC0E68162ECC1A0028DDA7 /* utils.cpp */,
				37FC0E6A162ECC8D0028DDA7 /* data.h */,
			);
			path = COMP3004;
			sourceTree = "<group>";
		};
/* End PBXGroup section */

/* Begin PBXNativeTarget section */
		37B59B6E1628150F009C873E /* COMP3004 */ = {
			isa = PBXNativeTarget;
			buildConfigurationList = 37B59B791628150F009C873E /* Build configuration list for PBXNativeTarget "COMP3004" */;
			buildPhases = (
				37B59B6B1628150F009C873E /* Sources */,
				37B59B6C1628150F009C873E /* Frameworks */,
				37B59B84162856F6009C873E /* CopyFiles */,
			);
			buildRules = (
			);
			dependencies = (
			);
			name = COMP3004;
			productName = COMP3004;
			productReference = 37B59B6F1628150F009C873E /* COMP3004 */;
			productType = "com.apple.product-type.tool";
		};
/* End PBXNativeTarget section */

/* Begin PBXProject section */
		37B59B661628150F009C873E /* Project object */ = {
			isa = PBXProject;
			attributes = {
				LastUpgradeCheck = 0450;
				ORGANIZATIONNAME = "Dan Palmer";
			};
			buildConfigurationList = 37B59B691628150F009C873E /* Build configuration list for PBXProject "COMP3004" */;
			compatibilityVersion = "Xcode 3.2";
			developmentRegion = English;
			hasScannedForEncodings = 0;
			knownRegions = (
				en,
			);
			mainGroup = 37B59B641628150F009C873E;
			productRefGroup = 37B59B701628150F009C873E /* Products */;
			projectDirPath = "";
			projectRoot = "";
			targets = (
				37B59B6E1628150F009C873E /* COMP3004 */,
			);
		};
/* End PBXProject section */

/* Begin PBXSourcesBuildPhase section */
		37B59B6B1628150F009C873E /* Sources */ = {
			isa = PBXSourcesBuildPhase;
			buildActionMask = 2147483647;
			files = (
				37B59B741628150F009C873E /* main.cpp in Sources */,
				37FC0E69162ECC1A0028DDA7 /* utils.cpp in Sources */,
			);
			runOnlyForDeploymentPostprocessing = 0;
		};
/* End PBXSourcesBuildPhase section */

/* Begin XCBuildConfiguration section */
		37B59B771628150F009C873E /* Debug */ = {
			isa = XCBuildConfiguration;
			buildSettings = {
				ALWAYS_SEARCH_USER_PATHS = NO;
				ARCHS = "$(ARCHS_STANDARD_64_BIT)";
				CLANG_CXX_LANGUAGE_STANDARD = "gnu++0x";
				CLANG_CXX_LIBRARY = "libc++";
				CLANG_WARN_EMPTY_BODY = YES;
				CLANG_WARN__DUPLICATE_METHOD_MATCH = YES;
				COPY_PHASE_STRIP = NO;
				GCC_C_LANGUAGE_STANDARD = gnu99;
				GCC_DYNAMIC_NO_PIC = NO;
				GCC_ENABLE_OBJC_EXCEPTIONS = YES;
				GCC_OPTIMIZATION_LEVEL = 0;
				GCC_PREPROCESSOR_DEFINITIONS = (
					"DEBUG=1",
					"$(inherited)",
				);
				GCC_SYMBOLS_PRIVATE_EXTERN = NO;
				GCC_WARN_64_TO_32_BIT_CONVERSION = YES;
				GCC_WARN_ABOUT_RETURN_TYPE = YES;
				GCC_WARN_UNINITIALIZED_AUTOS = YES;
				GCC_WARN_UNUSED_VARIABLE = YES;
				HEADER_SEARCH_PATHS = /usr/local/include;
				LIBRARY_SEARCH_PATHS = /usr/local/lib;
				MACOSX_DEPLOYMENT_TARGET = 10.8;
				ONLY_ACTIVE_ARCH = YES;
				OTHER_LDFLAGS = (
					"-lGLEW",
					"-lglfw",
				);
				SDKROOT = macosx;
			};
			name = Debug;
		};
		37B59B781628150F009C873E /* Release */ = {
			isa = XCBuildConfiguration;
			buildSettings = {
				ALWAYS_SEARCH_USER_PATHS = NO;
				ARCHS = "$(ARCHS_STANDARD_64_BIT)";
				CLANG_CXX_LANGUAGE_STANDARD = "gnu++0x";
				CLANG_CXX_LIBRARY = "libc++";
				CLANG_WARN_EMPTY_BODY = YES;
				CLANG_WARN__DUPLICATE_METHOD_MATCH = YES;
				COPY_PHASE_STRIP = YES;
				DEBUG_INFORMATION_FORMAT = "dwarf-with-dsym";
				GCC_C_LANGUAGE_STANDARD = gnu99;
				GCC_ENABLE_OBJC_EXCEPTIONS = YES;
				GCC_WARN_64_TO_32_BIT_CONVERSION = YES;
				GCC_WARN_ABOUT_RETURN_TYPE = YES;
				GCC_WARN_UNINITIALIZED_AUTOS = YES;
				GCC_WARN_UNUSED_VARIABLE = YES;
				HEADER_SEARCH_PATHS = /usr/local/include;
				LIBRARY_SEARCH_PATHS = /usr/local/lib;
				MACOSX_DEPLOYMENT_TARGET = 10.8;
				OTHER_LDFLAGS = (
					"-lGLEW",
					"-lglfw",
				);
				SDKROOT = macosx;
			};
			name = Release;
		};
		37B59B7A1628150F009C873E /* Debug */ = {
			isa = XCBuildConfiguration;
			buildSettings = {
				PRODUCT_NAME = "$(TARGET_NAME)";
			};
			name = Debug;
		};
		37B59B7B1628150F009C873E /* Release */ = {
			isa = XCBuildConfiguration;
			buildSettings = {
				PRODUCT_NAME = "$(TARGET_NAME)";
			};
			name = Release;
		};
/* End XCBuildConfiguration section */

/* Begin XCConfigurationList section */
		37B59B691628150F009C873E /* Build configuration list for PBXProject "COMP3004" */ = {
			isa = XCConfigurationList;
			buildConfigurations = (
				37B59B771628150F009C873E /* Debug */,
				37B59B781628150F009C873E /* Release */,
			);
			defaultConfigurationIsVisible = 0;
			defaultConfigurationName = Release;
		};
		37B59B791628150F009C873E /* Build configuration list for PBXNativeTarget "COMP3004" */ = {
			isa = XCConfigurationList;
			buildConfigurations = (
				37B59B7A1628150F009C873E /* Debug */,
				37B59B7B1628150F009C873E /* Release */,
			);
			defaultConfigurationIsVisible = 0;
			defaultConfigurationName = Release;
		};
/* End XCConfigurationList section */
	};
	rootObject = 37B59B661628150F009C873E /* Project object */;
}
